// !$*UTF8*$!
{
	archiveVersion = 1;
	classes = {
	};
	objectVersion = 50;
	objects = {

/* Begin PBXBuildFile section */
		1A54F1782BD3536D0021F75F /* MainViewController+TableView.swift in Sources */ = {isa = PBXBuildFile; fileRef = 1A54F1772BD3536D0021F75F /* MainViewController+TableView.swift */; };
		1A54F17D2BD354E90021F75F /* MainViewModel.swift in Sources */ = {isa = PBXBuildFile; fileRef = 1A54F17C2BD354E90021F75F /* MainViewModel.swift */; };
		1A54F1822BD358F50021F75F /* NetworkConstant.swift in Sources */ = {isa = PBXBuildFile; fileRef = 1A54F1812BD358F50021F75F /* NetworkConstant.swift */; };
		1A54F1872BD35A1D0021F75F /* APICaller.swift in Sources */ = {isa = PBXBuildFile; fileRef = 1A54F1862BD35A1D0021F75F /* APICaller.swift */; };
		1A54F18C2BD35A6D0021F75F /* TrendingMoviesModel.swift in Sources */ = {isa = PBXBuildFile; fileRef = 1A54F18B2BD35A6D0021F75F /* TrendingMoviesModel.swift */; };
		1A7A95072BD4693A009A9874 /* Observable.swift in Sources */ = {isa = PBXBuildFile; fileRef = 1A7A95062BD4693A009A9874 /* Observable.swift */; };
		1AED042E2BD2EB3B00B267C8 /* AppDelegate.swift in Sources */ = {isa = PBXBuildFile; fileRef = 1AED042D2BD2EB3B00B267C8 /* AppDelegate.swift */; };
		1AED04372BD2EB6B00B267C8 /* Assets.xcassets in Resources */ = {isa = PBXBuildFile; fileRef = 1AED04362BD2EB6B00B267C8 /* Assets.xcassets */; };
		1AED043A2BD2EB6B00B267C8 /* LaunchScreen.storyboard in Resources */ = {isa = PBXBuildFile; fileRef = 1AED04382BD2EB6B00B267C8 /* LaunchScreen.storyboard */; };
		1AED04452BD2EB6D00B267C8 /* MovieTrendingTests.swift in Sources */ = {isa = PBXBuildFile; fileRef = 1AED04442BD2EB6D00B267C8 /* MovieTrendingTests.swift */; };
		1AED04502BD2EB6D00B267C8 /* MovieTrendingUITests.swift in Sources */ = {isa = PBXBuildFile; fileRef = 1AED044F2BD2EB6D00B267C8 /* MovieTrendingUITests.swift */; };
		1AED046C2BD2ED1000B267C8 /* MainViewController.swift in Sources */ = {isa = PBXBuildFile; fileRef = 1AED046A2BD2ED1000B267C8 /* MainViewController.swift */; };
		1AED046D2BD2ED1000B267C8 /* MainViewController.xib in Resources */ = {isa = PBXBuildFile; fileRef = 1AED046B2BD2ED1000B267C8 /* MainViewController.xib */; };
/* End PBXBuildFile section */

/* Begin PBXContainerItemProxy section */
		1AED04412BD2EB6D00B267C8 /* PBXContainerItemProxy */ = {
			isa = PBXContainerItemProxy;
			containerPortal = 1AED04222BD2EB3A00B267C8 /* Project object */;
			proxyType = 1;
			remoteGlobalIDString = 1AED04292BD2EB3B00B267C8;
			remoteInfo = MovieTrending;
		};
		1AED044C2BD2EB6D00B267C8 /* PBXContainerItemProxy */ = {
			isa = PBXContainerItemProxy;
			containerPortal = 1AED04222BD2EB3A00B267C8 /* Project object */;
			proxyType = 1;
			remoteGlobalIDString = 1AED04292BD2EB3B00B267C8;
			remoteInfo = MovieTrending;
		};
/* End PBXContainerItemProxy section */

/* Begin PBXFileReference section */
		1A54F1772BD3536D0021F75F /* MainViewController+TableView.swift */ = {isa = PBXFileReference; lastKnownFileType = sourcecode.swift; path = "MainViewController+TableView.swift"; sourceTree = "<group>"; };
		1A54F17C2BD354E90021F75F /* MainViewModel.swift */ = {isa = PBXFileReference; lastKnownFileType = sourcecode.swift; path = MainViewModel.swift; sourceTree = "<group>"; };
		1A54F1812BD358F50021F75F /* NetworkConstant.swift */ = {isa = PBXFileReference; lastKnownFileType = sourcecode.swift; path = NetworkConstant.swift; sourceTree = "<group>"; };
		1A54F1862BD35A1D0021F75F /* APICaller.swift */ = {isa = PBXFileReference; lastKnownFileType = sourcecode.swift; path = APICaller.swift; sourceTree = "<group>"; };
		1A54F18B2BD35A6D0021F75F /* TrendingMoviesModel.swift */ = {isa = PBXFileReference; lastKnownFileType = sourcecode.swift; path = TrendingMoviesModel.swift; sourceTree = "<group>"; };
		1A7A95062BD4693A009A9874 /* Observable.swift */ = {isa = PBXFileReference; lastKnownFileType = sourcecode.swift; path = Observable.swift; sourceTree = "<group>"; };
		1AED042A2BD2EB3B00B267C8 /* MovieTrending.app */ = {isa = PBXFileReference; explicitFileType = wrapper.application; includeInIndex = 0; path = MovieTrending.app; sourceTree = BUILT_PRODUCTS_DIR; };
		1AED042D2BD2EB3B00B267C8 /* AppDelegate.swift */ = {isa = PBXFileReference; lastKnownFileType = sourcecode.swift; path = AppDelegate.swift; sourceTree = "<group>"; };
		1AED04362BD2EB6B00B267C8 /* Assets.xcassets */ = {isa = PBXFileReference; lastKnownFileType = folder.assetcatalog; path = Assets.xcassets; sourceTree = "<group>"; };
		1AED04392BD2EB6B00B267C8 /* Base */ = {isa = PBXFileReference; lastKnownFileType = file.storyboard; name = Base; path = Base.lproj/LaunchScreen.storyboard; sourceTree = "<group>"; };
		1AED043B2BD2EB6B00B267C8 /* Info.plist */ = {isa = PBXFileReference; lastKnownFileType = text.plist.xml; path = Info.plist; sourceTree = "<group>"; };
		1AED04402BD2EB6D00B267C8 /* MovieTrendingTests.xctest */ = {isa = PBXFileReference; explicitFileType = wrapper.cfbundle; includeInIndex = 0; path = MovieTrendingTests.xctest; sourceTree = BUILT_PRODUCTS_DIR; };
		1AED04442BD2EB6D00B267C8 /* MovieTrendingTests.swift */ = {isa = PBXFileReference; lastKnownFileType = sourcecode.swift; path = MovieTrendingTests.swift; sourceTree = "<group>"; };
		1AED04462BD2EB6D00B267C8 /* Info.plist */ = {isa = PBXFileReference; lastKnownFileType = text.plist.xml; path = Info.plist; sourceTree = "<group>"; };
		1AED044B2BD2EB6D00B267C8 /* MovieTrendingUITests.xctest */ = {isa = PBXFileReference; explicitFileType = wrapper.cfbundle; includeInIndex = 0; path = MovieTrendingUITests.xctest; sourceTree = BUILT_PRODUCTS_DIR; };
		1AED044F2BD2EB6D00B267C8 /* MovieTrendingUITests.swift */ = {isa = PBXFileReference; lastKnownFileType = sourcecode.swift; path = MovieTrendingUITests.swift; sourceTree = "<group>"; };
		1AED04512BD2EB6D00B267C8 /* Info.plist */ = {isa = PBXFileReference; lastKnownFileType = text.plist.xml; path = Info.plist; sourceTree = "<group>"; };
		1AED046A2BD2ED1000B267C8 /* MainViewController.swift */ = {isa = PBXFileReference; lastKnownFileType = sourcecode.swift; path = MainViewController.swift; sourceTree = "<group>"; };
		1AED046B2BD2ED1000B267C8 /* MainViewController.xib */ = {isa = PBXFileReference; lastKnownFileType = file.xib; path = MainViewController.xib; sourceTree = "<group>"; };
/* End PBXFileReference section */

/* Begin PBXFrameworksBuildPhase section */
		1AED04272BD2EB3B00B267C8 /* Frameworks */ = {
			isa = PBXFrameworksBuildPhase;
			buildActionMask = 2147483647;
			files = (
			);
			runOnlyForDeploymentPostprocessing = 0;
		};
		1AED043D2BD2EB6D00B267C8 /* Frameworks */ = {
			isa = PBXFrameworksBuildPhase;
			buildActionMask = 2147483647;
			files = (
			);
			runOnlyForDeploymentPostprocessing = 0;
		};
		1AED04482BD2EB6D00B267C8 /* Frameworks */ = {
			isa = PBXFrameworksBuildPhase;
			buildActionMask = 2147483647;
			files = (
			);
			runOnlyForDeploymentPostprocessing = 0;
		};
/* End PBXFrameworksBuildPhase section */

/* Begin PBXGroup section */
		1AED04212BD2EB3A00B267C8 = {
			isa = PBXGroup;
			children = (
				1AED042C2BD2EB3B00B267C8 /* MovieTrending */,
				1AED04432BD2EB6D00B267C8 /* MovieTrendingTests */,
				1AED044E2BD2EB6D00B267C8 /* MovieTrendingUITests */,
				1AED042B2BD2EB3B00B267C8 /* Products */,
			);
			sourceTree = "<group>";
		};
		1AED042B2BD2EB3B00B267C8 /* Products */ = {
			isa = PBXGroup;
			children = (
				1AED042A2BD2EB3B00B267C8 /* MovieTrending.app */,
				1AED04402BD2EB6D00B267C8 /* MovieTrendingTests.xctest */,
				1AED044B2BD2EB6D00B267C8 /* MovieTrendingUITests.xctest */,
			);
			name = Products;
			sourceTree = "<group>";
		};
		1AED042C2BD2EB3B00B267C8 /* MovieTrending */ = {
			isa = PBXGroup;
			children = (
				1AED04782BD2EF5F00B267C8 /* Networking */,
				1AED04772BD2EF4A00B267C8 /* Extensions */,
				1AED04762BD2EF3A00B267C8 /* Resources */,
				1AED04752BD2EF2500B267C8 /* Classes */,
				1AED04742BD2EF1D00B267C8 /* Model */,
				1AED04732BD2EF1300B267C8 /* Controllers */,
				1AED04722BD2EF0D00B267C8 /* ViewModel */,
				1AED04712BD2EF0300B267C8 /* View */,
				1AED042D2BD2EB3B00B267C8 /* AppDelegate.swift */,
				1AED043B2BD2EB6B00B267C8 /* Info.plist */,
			);
			path = MovieTrending;
			sourceTree = "<group>";
		};
		1AED04432BD2EB6D00B267C8 /* MovieTrendingTests */ = {
			isa = PBXGroup;
			children = (
				1AED04442BD2EB6D00B267C8 /* MovieTrendingTests.swift */,
				1AED04462BD2EB6D00B267C8 /* Info.plist */,
			);
			path = MovieTrendingTests;
			sourceTree = "<group>";
		};
		1AED044E2BD2EB6D00B267C8 /* MovieTrendingUITests */ = {
			isa = PBXGroup;
			children = (
				1AED044F2BD2EB6D00B267C8 /* MovieTrendingUITests.swift */,
				1AED04512BD2EB6D00B267C8 /* Info.plist */,
			);
			path = MovieTrendingUITests;
			sourceTree = "<group>";
		};
		1AED04692BD2ECB900B267C8 /* MainViewController */ = {
			isa = PBXGroup;
			children = (
				1AED046A2BD2ED1000B267C8 /* MainViewController.swift */,
				1AED046B2BD2ED1000B267C8 /* MainViewController.xib */,
				1A54F1772BD3536D0021F75F /* MainViewController+TableView.swift */,
			);
			path = MainViewController;
			sourceTree = "<group>";
		};
		1AED04712BD2EF0300B267C8 /* View */ = {
			isa = PBXGroup;
			children = (
				1AED04382BD2EB6B00B267C8 /* LaunchScreen.storyboard */,
			);
			path = View;
			sourceTree = "<group>";
		};
		1AED04722BD2EF0D00B267C8 /* ViewModel */ = {
			isa = PBXGroup;
			children = (
				1A54F17C2BD354E90021F75F /* MainViewModel.swift */,
			);
			path = ViewModel;
			sourceTree = "<group>";
		};
		1AED04732BD2EF1300B267C8 /* Controllers */ = {
			isa = PBXGroup;
			children = (
				1AED04692BD2ECB900B267C8 /* MainViewController */,
			);
			path = Controllers;
			sourceTree = "<group>";
		};
		1AED04742BD2EF1D00B267C8 /* Model */ = {
			isa = PBXGroup;
			children = (
				1A54F18B2BD35A6D0021F75F /* TrendingMoviesModel.swift */,
			);
			path = Model;
			sourceTree = "<group>";
		};
		1AED04752BD2EF2500B267C8 /* Classes */ = {
			isa = PBXGroup;
			children = (
				1A7A95062BD4693A009A9874 /* Observable.swift */,
			);
			path = Classes;
			sourceTree = "<group>";
		};
		1AED04762BD2EF3A00B267C8 /* Resources */ = {
			isa = PBXGroup;
			children = (
				1AED04362BD2EB6B00B267C8 /* Assets.xcassets */,
			);
			path = Resources;
			sourceTree = "<group>";
		};
		1AED04772BD2EF4A00B267C8 /* Extensions */ = {
			isa = PBXGroup;
			children = (
			);
			path = Extensions;
			sourceTree = "<group>";
		};
		1AED04782BD2EF5F00B267C8 /* Networking */ = {
			isa = PBXGroup;
			children = (
				1A54F1812BD358F50021F75F /* NetworkConstant.swift */,
				1A54F1862BD35A1D0021F75F /* APICaller.swift */,
			);
			path = Networking;
			sourceTree = "<group>";
		};
/* End PBXGroup section */

/* Begin PBXNativeTarget section */
		1AED04292BD2EB3B00B267C8 /* MovieTrending */ = {
			isa = PBXNativeTarget;
			buildConfigurationList = 1AED04542BD2EB6D00B267C8 /* Build configuration list for PBXNativeTarget "MovieTrending" */;
			buildPhases = (
				1AED04262BD2EB3B00B267C8 /* Sources */,
				1AED04272BD2EB3B00B267C8 /* Frameworks */,
				1AED04282BD2EB3B00B267C8 /* Resources */,
			);
			buildRules = (
			);
			dependencies = (
			);
			name = MovieTrending;
			productName = MovieTrending;
			productReference = 1AED042A2BD2EB3B00B267C8 /* MovieTrending.app */;
			productType = "com.apple.product-type.application";
		};
		1AED043F2BD2EB6D00B267C8 /* MovieTrendingTests */ = {
			isa = PBXNativeTarget;
			buildConfigurationList = 1AED04572BD2EB6D00B267C8 /* Build configuration list for PBXNativeTarget "MovieTrendingTests" */;
			buildPhases = (
				1AED043C2BD2EB6D00B267C8 /* Sources */,
				1AED043D2BD2EB6D00B267C8 /* Frameworks */,
				1AED043E2BD2EB6D00B267C8 /* Resources */,
			);
			buildRules = (
			);
			dependencies = (
				1AED04422BD2EB6D00B267C8 /* PBXTargetDependency */,
			);
			name = MovieTrendingTests;
			productName = MovieTrendingTests;
			productReference = 1AED04402BD2EB6D00B267C8 /* MovieTrendingTests.xctest */;
			productType = "com.apple.product-type.bundle.unit-test";
		};
		1AED044A2BD2EB6D00B267C8 /* MovieTrendingUITests */ = {
			isa = PBXNativeTarget;
			buildConfigurationList = 1AED045A2BD2EB6D00B267C8 /* Build configuration list for PBXNativeTarget "MovieTrendingUITests" */;
			buildPhases = (
				1AED04472BD2EB6D00B267C8 /* Sources */,
				1AED04482BD2EB6D00B267C8 /* Frameworks */,
				1AED04492BD2EB6D00B267C8 /* Resources */,
			);
			buildRules = (
			);
			dependencies = (
				1AED044D2BD2EB6D00B267C8 /* PBXTargetDependency */,
			);
			name = MovieTrendingUITests;
			productName = MovieTrendingUITests;
			productReference = 1AED044B2BD2EB6D00B267C8 /* MovieTrendingUITests.xctest */;
			productType = "com.apple.product-type.bundle.ui-testing";
		};
/* End PBXNativeTarget section */

/* Begin PBXProject section */
		1AED04222BD2EB3A00B267C8 /* Project object */ = {
			isa = PBXProject;
			attributes = {
				LastSwiftUpdateCheck = 1240;
				LastUpgradeCheck = 1240;
				TargetAttributes = {
					1AED04292BD2EB3B00B267C8 = {
						CreatedOnToolsVersion = 12.4;
					};
					1AED043F2BD2EB6D00B267C8 = {
						CreatedOnToolsVersion = 12.4;
						TestTargetID = 1AED04292BD2EB3B00B267C8;
					};
					1AED044A2BD2EB6D00B267C8 = {
						CreatedOnToolsVersion = 12.4;
						TestTargetID = 1AED04292BD2EB3B00B267C8;
					};
				};
			};
			buildConfigurationList = 1AED04252BD2EB3A00B267C8 /* Build configuration list for PBXProject "MovieTrending" */;
			compatibilityVersion = "Xcode 9.3";
			developmentRegion = en;
			hasScannedForEncodings = 0;
			knownRegions = (
				en,
				Base,
			);
			mainGroup = 1AED04212BD2EB3A00B267C8;
			productRefGroup = 1AED042B2BD2EB3B00B267C8 /* Products */;
			projectDirPath = "";
			projectRoot = "";
			targets = (
				1AED04292BD2EB3B00B267C8 /* MovieTrending */,
				1AED043F2BD2EB6D00B267C8 /* MovieTrendingTests */,
				1AED044A2BD2EB6D00B267C8 /* MovieTrendingUITests */,
			);
		};
/* End PBXProject section */

/* Begin PBXResourcesBuildPhase section */
		1AED04282BD2EB3B00B267C8 /* Resources */ = {
			isa = PBXResourcesBuildPhase;
			buildActionMask = 2147483647;
			files = (
				1AED043A2BD2EB6B00B267C8 /* LaunchScreen.storyboard in Resources */,
				1AED046D2BD2ED1000B267C8 /* MainViewController.xib in Resources */,
				1AED04372BD2EB6B00B267C8 /* Assets.xcassets in Resources */,
			);
			runOnlyForDeploymentPostprocessing = 0;
		};
		1AED043E2BD2EB6D00B267C8 /* Resources */ = {
			isa = PBXResourcesBuildPhase;
			buildActionMask = 2147483647;
			files = (
			);
			runOnlyForDeploymentPostprocessing = 0;
		};
		1AED04492BD2EB6D00B267C8 /* Resources */ = {
			isa = PBXResourcesBuildPhase;
			buildActionMask = 2147483647;
			files = (
			);
			runOnlyForDeploymentPostprocessing = 0;
		};
/* End PBXResourcesBuildPhase section */

/* Begin PBXSourcesBuildPhase section */
		1AED04262BD2EB3B00B267C8 /* Sources */ = {
			isa = PBXSourcesBuildPhase;
			buildActionMask = 2147483647;
			files = (
				1A7A95072BD4693A009A9874 /* Observable.swift in Sources */,
				1AED042E2BD2EB3B00B267C8 /* AppDelegate.swift in Sources */,
				1A54F1872BD35A1D0021F75F /* APICaller.swift in Sources */,
				1A54F1782BD3536D0021F75F /* MainViewController+TableView.swift in Sources */,
				1AED046C2BD2ED1000B267C8 /* MainViewController.swift in Sources */,
				1A54F1822BD358F50021F75F /* NetworkConstant.swift in Sources */,
				1A54F17D2BD354E90021F75F /* MainViewModel.swift in Sources */,
				1A54F18C2BD35A6D0021F75F /* TrendingMoviesModel.swift in Sources */,
			);
			runOnlyForDeploymentPostprocessing = 0;
		};
		1AED043C2BD2EB6D00B267C8 /* Sources */ = {
			isa = PBXSourcesBuildPhase;
			buildActionMask = 2147483647;
			files = (
				1AED04452BD2EB6D00B267C8 /* MovieTrendingTests.swift in Sources */,
			);
			runOnlyForDeploymentPostprocessing = 0;
		};
		1AED04472BD2EB6D00B267C8 /* Sources */ = {
			isa = PBXSourcesBuildPhase;
			buildActionMask = 2147483647;
			files = (
				1AED04502BD2EB6D00B267C8 /* MovieTrendingUITests.swift in Sources */,
			);
			runOnlyForDeploymentPostprocessing = 0;
		};
/* End PBXSourcesBuildPhase section */

/* Begin PBXTargetDependency section */
		1AED04422BD2EB6D00B267C8 /* PBXTargetDependency */ = {
			isa = PBXTargetDependency;
			target = 1AED04292BD2EB3B00B267C8 /* MovieTrending */;
			targetProxy = 1AED04412BD2EB6D00B267C8 /* PBXContainerItemProxy */;
		};
		1AED044D2BD2EB6D00B267C8 /* PBXTargetDependency */ = {
			isa = PBXTargetDependency;
			target = 1AED04292BD2EB3B00B267C8 /* MovieTrending */;
			targetProxy = 1AED044C2BD2EB6D00B267C8 /* PBXContainerItemProxy */;
		};
/* End PBXTargetDependency section */

/* Begin PBXVariantGroup section */
		1AED04382BD2EB6B00B267C8 /* LaunchScreen.storyboard */ = {
			isa = PBXVariantGroup;
			children = (
				1AED04392BD2EB6B00B267C8 /* Base */,
			);
			name = LaunchScreen.storyboard;
			sourceTree = "<group>";
		};
/* End PBXVariantGroup section */

/* Begin XCBuildConfiguration section */
		1AED04522BD2EB6D00B267C8 /* Debug */ = {
			isa = XCBuildConfiguration;
			buildSettings = {
				ALWAYS_SEARCH_USER_PATHS = NO;
				CLANG_ANALYZER_NONNULL = YES;
				CLANG_ANALYZER_NUMBER_OBJECT_CONVERSION = YES_AGGRESSIVE;
				CLANG_CXX_LANGUAGE_STANDARD = "gnu++14";
				CLANG_CXX_LIBRARY = "libc++";
				CLANG_ENABLE_MODULES = YES;
				CLANG_ENABLE_OBJC_ARC = YES;
				CLANG_ENABLE_OBJC_WEAK = YES;
				CLANG_WARN_BLOCK_CAPTURE_AUTORELEASING = YES;
				CLANG_WARN_BOOL_CONVERSION = YES;
				CLANG_WARN_COMMA = YES;
				CLANG_WARN_CONSTANT_CONVERSION = YES;
				CLANG_WARN_DEPRECATED_OBJC_IMPLEMENTATIONS = YES;
				CLANG_WARN_DIRECT_OBJC_ISA_USAGE = YES_ERROR;
				CLANG_WARN_DOCUMENTATION_COMMENTS = YES;
				CLANG_WARN_EMPTY_BODY = YES;
				CLANG_WARN_ENUM_CONVERSION = YES;
				CLANG_WARN_INFINITE_RECURSION = YES;
				CLANG_WARN_INT_CONVERSION = YES;
				CLANG_WARN_NON_LITERAL_NULL_CONVERSION = YES;
				CLANG_WARN_OBJC_IMPLICIT_RETAIN_SELF = YES;
				CLANG_WARN_OBJC_LITERAL_CONVERSION = YES;
				CLANG_WARN_OBJC_ROOT_CLASS = YES_ERROR;
				CLANG_WARN_QUOTED_INCLUDE_IN_FRAMEWORK_HEADER = YES;
				CLANG_WARN_RANGE_LOOP_ANALYSIS = YES;
				CLANG_WARN_STRICT_PROTOTYPES = YES;
				CLANG_WARN_SUSPICIOUS_MOVE = YES;
				CLANG_WARN_UNGUARDED_AVAILABILITY = YES_AGGRESSIVE;
				CLANG_WARN_UNREACHABLE_CODE = YES;
				CLANG_WARN__DUPLICATE_METHOD_MATCH = YES;
				COPY_PHASE_STRIP = NO;
				DEBUG_INFORMATION_FORMAT = dwarf;
				ENABLE_STRICT_OBJC_MSGSEND = YES;
				ENABLE_TESTABILITY = YES;
				GCC_C_LANGUAGE_STANDARD = gnu11;
				GCC_DYNAMIC_NO_PIC = NO;
				GCC_NO_COMMON_BLOCKS = YES;
				GCC_OPTIMIZATION_LEVEL = 0;
				GCC_PREPROCESSOR_DEFINITIONS = (
					"DEBUG=1",
					"$(inherited)",
				);
				GCC_WARN_64_TO_32_BIT_CONVERSION = YES;
				GCC_WARN_ABOUT_RETURN_TYPE = YES_ERROR;
				GCC_WARN_UNDECLARED_SELECTOR = YES;
				GCC_WARN_UNINITIALIZED_AUTOS = YES_AGGRESSIVE;
				GCC_WARN_UNUSED_FUNCTION = YES;
				GCC_WARN_UNUSED_VARIABLE = YES;
				IPHONEOS_DEPLOYMENT_TARGET = 14.4;
				MTL_ENABLE_DEBUG_INFO = INCLUDE_SOURCE;
				MTL_FAST_MATH = YES;
				ONLY_ACTIVE_ARCH = YES;
				SDKROOT = iphoneos;
				SWIFT_ACTIVE_COMPILATION_CONDITIONS = DEBUG;
				SWIFT_OPTIMIZATION_LEVEL = "-Onone";
			};
			name = Debug;
		};
		1AED04532BD2EB6D00B267C8 /* Release */ = {
			isa = XCBuildConfiguration;
			buildSettings = {
				ALWAYS_SEARCH_USER_PATHS = NO;
				CLANG_ANALYZER_NONNULL = YES;
				CLANG_ANALYZER_NUMBER_OBJECT_CONVERSION = YES_AGGRESSIVE;
				CLANG_CXX_LANGUAGE_STANDARD = "gnu++14";
				CLANG_CXX_LIBRARY = "libc++";
				CLANG_ENABLE_MODULES = YES;
				CLANG_ENABLE_OBJC_ARC = YES;
				CLANG_ENABLE_OBJC_WEAK = YES;
				CLANG_WARN_BLOCK_CAPTURE_AUTORELEASING = YES;
				CLANG_WARN_BOOL_CONVERSION = YES;
				CLANG_WARN_COMMA = YES;
				CLANG_WARN_CONSTANT_CONVERSION = YES;
				CLANG_WARN_DEPRECATED_OBJC_IMPLEMENTATIONS = YES;
				CLANG_WARN_DIRECT_OBJC_ISA_USAGE = YES_ERROR;
				CLANG_WARN_DOCUMENTATION_COMMENTS = YES;
				CLANG_WARN_EMPTY_BODY = YES;
				CLANG_WARN_ENUM_CONVERSION = YES;
				CLANG_WARN_INFINITE_RECURSION = YES;
				CLANG_WARN_INT_CONVERSION = YES;
				CLANG_WARN_NON_LITERAL_NULL_CONVERSION = YES;
				CLANG_WARN_OBJC_IMPLICIT_RETAIN_SELF = YES;
				CLANG_WARN_OBJC_LITERAL_CONVERSION = YES;
				CLANG_WARN_OBJC_ROOT_CLASS = YES_ERROR;
				CLANG_WARN_QUOTED_INCLUDE_IN_FRAMEWORK_HEADER = YES;
				CLANG_WARN_RANGE_LOOP_ANALYSIS = YES;
				CLANG_WARN_STRICT_PROTOTYPES = YES;
				CLANG_WARN_SUSPICIOUS_MOVE = YES;
				CLANG_WARN_UNGUARDED_AVAILABILITY = YES_AGGRESSIVE;
				CLANG_WARN_UNREACHABLE_CODE = YES;
				CLANG_WARN__DUPLICATE_METHOD_MATCH = YES;
				COPY_PHASE_STRIP = NO;
				DEBUG_INFORMATION_FORMAT = "dwarf-with-dsym";
				ENABLE_NS_ASSERTIONS = NO;
				ENABLE_STRICT_OBJC_MSGSEND = YES;
				GCC_C_LANGUAGE_STANDARD = gnu11;
				GCC_NO_COMMON_BLOCKS = YES;
				GCC_WARN_64_TO_32_BIT_CONVERSION = YES;
				GCC_WARN_ABOUT_RETURN_TYPE = YES_ERROR;
				GCC_WARN_UNDECLARED_SELECTOR = YES;
				GCC_WARN_UNINITIALIZED_AUTOS = YES_AGGRESSIVE;
				GCC_WARN_UNUSED_FUNCTION = YES;
				GCC_WARN_UNUSED_VARIABLE = YES;
				IPHONEOS_DEPLOYMENT_TARGET = 14.4;
				MTL_ENABLE_DEBUG_INFO = NO;
				MTL_FAST_MATH = YES;
				SDKROOT = iphoneos;
				SWIFT_COMPILATION_MODE = wholemodule;
				SWIFT_OPTIMIZATION_LEVEL = "-O";
				VALIDATE_PRODUCT = YES;
			};
			name = Release;
		};
		1AED04552BD2EB6D00B267C8 /* Debug */ = {
			isa = XCBuildConfiguration;
			buildSettings = {
				ASSETCATALOG_COMPILER_APPICON_NAME = AppIcon;
				ASSETCATALOG_COMPILER_GLOBAL_ACCENT_COLOR_NAME = AccentColor;
				CODE_SIGN_STYLE = Automatic;
				DEVELOPMENT_TEAM = 9BSKT95LPX;
				INFOPLIST_FILE = MovieTrending/Info.plist;
				LD_RUNPATH_SEARCH_PATHS = (
					"$(inherited)",
					"@executable_path/Frameworks",
				);
				PRODUCT_BUNDLE_IDENTIFIER = br.com.arthdeveloper.MovieTrending;
				PRODUCT_NAME = "$(TARGET_NAME)";
				SWIFT_VERSION = 5.0;
				TARGETED_DEVICE_FAMILY = 1;
			};
			name = Debug;
		};
		1AED04562BD2EB6D00B267C8 /* Release */ = {
			isa = XCBuildConfiguration;
			buildSettings = {
				ASSETCATALOG_COMPILER_APPICON_NAME = AppIcon;
				ASSETCATALOG_COMPILER_GLOBAL_ACCENT_COLOR_NAME = AccentColor;
				CODE_SIGN_STYLE = Automatic;
				DEVELOPMENT_TEAM = 9BSKT95LPX;
				INFOPLIST_FILE = MovieTrending/Info.plist;
				LD_RUNPATH_SEARCH_PATHS = (
					"$(inherited)",
					"@executable_path/Frameworks",
				);
				PRODUCT_BUNDLE_IDENTIFIER = br.com.arthdeveloper.MovieTrending;
				PRODUCT_NAME = "$(TARGET_NAME)";
				SWIFT_VERSION = 5.0;
				TARGETED_DEVICE_FAMILY = 1;
			};
			name = Release;
		};
		1AED04582BD2EB6D00B267C8 /* Debug */ = {
			isa = XCBuildConfiguration;
			buildSettings = {
				ALWAYS_EMBED_SWIFT_STANDARD_LIBRARIES = YES;
				BUNDLE_LOADER = "$(TEST_HOST)";
				CODE_SIGN_STYLE = Automatic;
				DEVELOPMENT_TEAM = 9BSKT95LPX;
				INFOPLIST_FILE = MovieTrendingTests/Info.plist;
				IPHONEOS_DEPLOYMENT_TARGET = 14.4;
				LD_RUNPATH_SEARCH_PATHS = (
					"$(inherited)",
					"@executable_path/Frameworks",
					"@loader_path/Frameworks",
				);
				PRODUCT_BUNDLE_IDENTIFIER = br.com.arthdeveloper.MovieTrendingTests;
				PRODUCT_NAME = "$(TARGET_NAME)";
				SWIFT_VERSION = 5.0;
				TARGETED_DEVICE_FAMILY = "1,2";
				TEST_HOST = "$(BUILT_PRODUCTS_DIR)/MovieTrending.app/MovieTrending";
			};
			name = Debug;
		};
		1AED04592BD2EB6D00B267C8 /* Release */ = {
			isa = XCBuildConfiguration;
			buildSettings = {
				ALWAYS_EMBED_SWIFT_STANDARD_LIBRARIES = YES;
				BUNDLE_LOADER = "$(TEST_HOST)";
				CODE_SIGN_STYLE = Automatic;
				DEVELOPMENT_TEAM = 9BSKT95LPX;
				INFOPLIST_FILE = MovieTrendingTests/Info.plist;
				IPHONEOS_DEPLOYMENT_TARGET = 14.4;
				LD_RUNPATH_SEARCH_PATHS = (
					"$(inherited)",
					"@executable_path/Frameworks",
					"@loader_path/Frameworks",
				);
				PRODUCT_BUNDLE_IDENTIFIER = br.com.arthdeveloper.MovieTrendingTests;
				PRODUCT_NAME = "$(TARGET_NAME)";
				SWIFT_VERSION = 5.0;
				TARGETED_DEVICE_FAMILY = "1,2";
				TEST_HOST = "$(BUILT_PRODUCTS_DIR)/MovieTrending.app/MovieTrending";
			};
			name = Release;
		};
		1AED045B2BD2EB6D00B267C8 /* Debug */ = {
			isa = XCBuildConfiguration;
			buildSettings = {
				ALWAYS_EMBED_SWIFT_STANDARD_LIBRARIES = YES;
				CODE_SIGN_STYLE = Automatic;
				DEVELOPMENT_TEAM = 9BSKT95LPX;
				INFOPLIST_FILE = MovieTrendingUITests/Info.plist;
				LD_RUNPATH_SEARCH_PATHS = (
					"$(inherited)",
					"@executable_path/Frameworks",
					"@loader_path/Frameworks",
				);
				PRODUCT_BUNDLE_IDENTIFIER = br.com.arthdeveloper.MovieTrendingUITests;
				PRODUCT_NAME = "$(TARGET_NAME)";
				SWIFT_VERSION = 5.0;
				TARGETED_DEVICE_FAMILY = "1,2";
				TEST_TARGET_NAME = MovieTrending;
			};
			name = Debug;
		};
		1AED045C2BD2EB6D00B267C8 /* Release */ = {
			isa = XCBuildConfiguration;
			buildSettings = {
				ALWAYS_EMBED_SWIFT_STANDARD_LIBRARIES = YES;
				CODE_SIGN_STYLE = Automatic;
				DEVELOPMENT_TEAM = 9BSKT95LPX;
				INFOPLIST_FILE = MovieTrendingUITests/Info.plist;
				LD_RUNPATH_SEARCH_PATHS = (
					"$(inherited)",
					"@executable_path/Frameworks",
					"@loader_path/Frameworks",
				);
				PRODUCT_BUNDLE_IDENTIFIER = br.com.arthdeveloper.MovieTrendingUITests;
				PRODUCT_NAME = "$(TARGET_NAME)";
				SWIFT_VERSION = 5.0;
				TARGETED_DEVICE_FAMILY = "1,2";
				TEST_TARGET_NAME = MovieTrending;
			};
			name = Release;
		};
/* End XCBuildConfiguration section */

/* Begin XCConfigurationList section */
		1AED04252BD2EB3A00B267C8 /* Build configuration list for PBXProject "MovieTrending" */ = {
			isa = XCConfigurationList;
			buildConfigurations = (
				1AED04522BD2EB6D00B267C8 /* Debug */,
				1AED04532BD2EB6D00B267C8 /* Release */,
			);
			defaultConfigurationIsVisible = 0;
			defaultConfigurationName = Release;
		};
		1AED04542BD2EB6D00B267C8 /* Build configuration list for PBXNativeTarget "MovieTrending" */ = {
			isa = XCConfigurationList;
			buildConfigurations = (
				1AED04552BD2EB6D00B267C8 /* Debug */,
				1AED04562BD2EB6D00B267C8 /* Release */,
			);
			defaultConfigurationIsVisible = 0;
			defaultConfigurationName = Release;
		};
		1AED04572BD2EB6D00B267C8 /* Build configuration list for PBXNativeTarget "MovieTrendingTests" */ = {
			isa = XCConfigurationList;
			buildConfigurations = (
				1AED04582BD2EB6D00B267C8 /* Debug */,
				1AED04592BD2EB6D00B267C8 /* Release */,
			);
			defaultConfigurationIsVisible = 0;
			defaultConfigurationName = Release;
		};
		1AED045A2BD2EB6D00B267C8 /* Build configuration list for PBXNativeTarget "MovieTrendingUITests" */ = {
			isa = XCConfigurationList;
			buildConfigurations = (
				1AED045B2BD2EB6D00B267C8 /* Debug */,
				1AED045C2BD2EB6D00B267C8 /* Release */,
			);
			defaultConfigurationIsVisible = 0;
			defaultConfigurationName = Release;
		};
/* End XCConfigurationList section */
	};
	rootObject = 1AED04222BD2EB3A00B267C8 /* Project object */;
}
